
Microsoft Visual Studio Solution File, Format Version 12.00
# Visual Studio 15
VisualStudioVersion = 15.0.27130.2036
MinimumVisualStudioVersion = 10.0.40219.1
Project("{FAE04EC0-301F-11D3-BF4B-00C04F79EFBC}") = "consolesum1", "consolesum1\consolesum1.csproj", "{4CC0DDFA-EB1C-46F8-B666-7F0A596D8A61}"
EndProject
Global
	GlobalSection(SolutionConfigurationPlatforms) = preSolution
		Debug|Any CPU = Debug|Any CPU
		Release|Any CPU = Release|Any CPU
	EndGlobalSection
	GlobalSection(ProjectConfigurationPlatforms) = postSolution
		{4CC0DDFA-EB1C-46F8-B666-7F0A596D8A61}.Debug|Any CPU.ActiveCfg = Debug|Any CPU
		{4CC0DDFA-EB1C-46F8-B666-7F0A596D8A61}.Debug|Any CPU.Build.0 = Debug|Any CPU
		{4CC0DDFA-EB1C-46F8-B666-7F0A596D8A61}.Release|Any CPU.ActiveCfg = Release|Any CPU
		{4CC0DDFA-EB1C-46F8-B666-7F0A596D8A61}.Release|Any CPU.Build.0 = Release|Any CPU
	EndGlobalSection
	GlobalSection(SolutionProperties) = preSolution
		HideSolutionNode = FALSE
	EndGlobalSection
	GlobalSection(ExtensibilityGlobals) = postSolution
		SolutionGuid = {39159976-6E8C-419E-902A-3529243A0AB8}
	EndGlobalSection
EndGlobal
